
Microsoft Visual Studio Solution File, Format Version 12.00
# Visual Studio 14
VisualStudioVersion = 14.0.23107.0
MinimumVisualStudioVersion = 10.0.40219.1
Project("{8BC9CEB8-8B4A-11D0-8D11-00A0C91BC942}") = "DREAKER-openCV", "DREAKER-openCV\DREAKER-openCV.vcxproj", "{FFCAE816-B0BF-4AF2-9B16-860C85CED82D}"
EndProject
Global
	GlobalSection(SolutionConfigurationPlatforms) = preSolution
		Debug|Win32 = Debug|Win32
		Debug|x64 = Debug|x64
		Release|Win32 = Release|Win32
		Release|x64 = Release|x64
		静态|Win32 = 静态|Win32
		静态|x64 = 静态|x64
	EndGlobalSection
	GlobalSection(ProjectConfigurationPlatforms) = postSolution
		{FFCAE816-B0BF-4AF2-9B16-860C85CED82D}.Debug|Win32.ActiveCfg = Debug|Win32
		{FFCAE816-B0BF-4AF2-9B16-860C85CED82D}.Debug|Win32.Build.0 = Debug|Win32
		{FFCAE816-B0BF-4AF2-9B16-860C85CED82D}.Debug|x64.ActiveCfg = Debug|x64
		{FFCAE816-B0BF-4AF2-9B16-860C85CED82D}.Debug|x64.Build.0 = Debug|x64
		{FFCAE816-B0BF-4AF2-9B16-860C85CED82D}.Release|Win32.ActiveCfg = Release|Win32
		{FFCAE816-B0BF-4AF2-9B16-860C85CED82D}.Release|Win32.Build.0 = Release|Win32
		{FFCAE816-B0BF-4AF2-9B16-860C85CED82D}.Release|x64.ActiveCfg = Release|x64
		{FFCAE816-B0BF-4AF2-9B16-860C85CED82D}.Release|x64.Build.0 = Release|x64
		{FFCAE816-B0BF-4AF2-9B16-860C85CED82D}.静态|Win32.ActiveCfg = 静态|Win32
		{FFCAE816-B0BF-4AF2-9B16-860C85CED82D}.静态|Win32.Build.0 = 静态|Win32
		{FFCAE816-B0BF-4AF2-9B16-860C85CED82D}.静态|x64.ActiveCfg = 静态|x64
		{FFCAE816-B0BF-4AF2-9B16-860C85CED82D}.静态|x64.Build.0 = 静态|x64
	EndGlobalSection
	GlobalSection(SolutionProperties) = preSolution
		HideSolutionNode = FALSE
	EndGlobalSection
EndGlobal
